
Microsoft Visual Studio Solution File, Format Version 12.00
# Visual Studio 15
VisualStudioVersion = 15.0.28307.1300
MinimumVisualStudioVersion = 10.0.40219.1
Project("{8BC9CEB8-8B4A-11D0-8D11-00A0C91BC942}") = "sqlite3secure-dll", "sqlite3secure-dll.vcxproj", "{15C26E44-1EDB-4E1D-8CEB-9CD9FF55589D}"
EndProject
Project("{8BC9CEB8-8B4A-11D0-8D11-00A0C91BC942}") = "sqlite3secure-lib", "sqlite3secure-lib.vcxproj", "{E1160EAF-598C-4905-8B85-DF0C72396C8C}"
EndProject
Global
	GlobalSection(SolutionConfigurationPlatforms) = preSolution
		Debug|x64 = Debug|x64
		Debug|x86 = Debug|x86
		Release|x64 = Release|x64
		Release|x86 = Release|x86
	EndGlobalSection
	GlobalSection(ProjectConfigurationPlatforms) = postSolution
		{15C26E44-1EDB-4E1D-8CEB-9CD9FF55589D}.Debug|x64.ActiveCfg = Debug|x64
		{15C26E44-1EDB-4E1D-8CEB-9CD9FF55589D}.Debug|x64.Build.0 = Debug|x64
		{15C26E44-1EDB-4E1D-8CEB-9CD9FF55589D}.Debug|x86.ActiveCfg = Debug|Win32
		{15C26E44-1EDB-4E1D-8CEB-9CD9FF55589D}.Debug|x86.Build.0 = Debug|Win32
		{15C26E44-1EDB-4E1D-8CEB-9CD9FF55589D}.Release|x64.ActiveCfg = Release|x64
		{15C26E44-1EDB-4E1D-8CEB-9CD9FF55589D}.Release|x64.Build.0 = Release|x64
		{15C26E44-1EDB-4E1D-8CEB-9CD9FF55589D}.Release|x86.ActiveCfg = Release|Win32
		{15C26E44-1EDB-4E1D-8CEB-9CD9FF55589D}.Release|x86.Build.0 = Release|Win32
		{E1160EAF-598C-4905-8B85-DF0C72396C8C}.Debug|x64.ActiveCfg = Debug|x64
		{E1160EAF-598C-4905-8B85-DF0C72396C8C}.Debug|x64.Build.0 = Debug|x64
		{E1160EAF-598C-4905-8B85-DF0C72396C8C}.Debug|x86.ActiveCfg = Debug|Win32
		{E1160EAF-598C-4905-8B85-DF0C72396C8C}.Debug|x86.Build.0 = Debug|Win32
		{E1160EAF-598C-4905-8B85-DF0C72396C8C}.Release|x64.ActiveCfg = Release|x64
		{E1160EAF-598C-4905-8B85-DF0C72396C8C}.Release|x64.Build.0 = Release|x64
		{E1160EAF-598C-4905-8B85-DF0C72396C8C}.Release|x86.ActiveCfg = Release|Win32
		{E1160EAF-598C-4905-8B85-DF0C72396C8C}.Release|x86.Build.0 = Release|Win32
	EndGlobalSection
	GlobalSection(SolutionProperties) = preSolution
		HideSolutionNode = FALSE
	EndGlobalSection
	GlobalSection(ExtensibilityGlobals) = postSolution
		SolutionGuid = {FB9908D2-B6CC-434E-9AF9-3EEE59E0B785}
	EndGlobalSection
EndGlobal
